
Microsoft Visual Studio Solution File, Format Version 12.00
Project("{FAE04EC0-301F-11D3-BF4B-00C04F79EFBC}") = "ItemManager", "ItemManager\ItemManager.csproj", "{5A0FFA8C-303E-4BF3-8903-D44154861382}"
EndProject
Global
	GlobalSection(SolutionConfigurationPlatforms) = preSolution
		Debug|Any CPU = Debug|Any CPU
		Release|Any CPU = Release|Any CPU
	EndGlobalSection
	GlobalSection(ProjectConfigurationPlatforms) = postSolution
		{5A0FFA8C-303E-4BF3-8903-D44154861382}.Debug|Any CPU.ActiveCfg = Debug|Any CPU
		{5A0FFA8C-303E-4BF3-8903-D44154861382}.Debug|Any CPU.Build.0 = Debug|Any CPU
		{5A0FFA8C-303E-4BF3-8903-D44154861382}.Release|Any CPU.ActiveCfg = Release|Any CPU
		{5A0FFA8C-303E-4BF3-8903-D44154861382}.Release|Any CPU.Build.0 = Release|Any CPU
	EndGlobalSection
EndGlobal
